
Microsoft Visual Studio Solution File, Format Version 11.00
# Visual Studio 2010
Project("{FAE04EC0-301F-11D3-BF4B-00C04F79EFBC}") = "JobLogger", "JobLogger\JobLogger.csproj", "{D258D5E1-04C1-4ED1-B7D4-2189F8E7D656}"
EndProject
Project("{FAE04EC0-301F-11D3-BF4B-00C04F79EFBC}") = "TestLoggerErrorConfigProject", "TestLogger\TestLoggerErrorConfigProject.csproj", "{5D56A215-1A67-4135-8EFA-F54F3AED1F37}"
EndProject
Project("{2150E333-8FDC-42A3-9474-1A3956D46DE8}") = "Solution Items", "Solution Items", "{DBDB2A7C-147D-41AA-B244-D25FAD024744}"
	ProjectSection(SolutionItems) = preProject
		CmdAppLogger.vsmdi = CmdAppLogger.vsmdi
		Local.testsettings = Local.testsettings
		TraceAndTestImpact.testsettings = TraceAndTestImpact.testsettings
	EndProjectSection
EndProject
Project("{FAE04EC0-301F-11D3-BF4B-00C04F79EFBC}") = "TestLoggerConsoleProject", "TestLoggerConsoleProject\TestLoggerConsoleProject.csproj", "{3846F470-AD2C-4A27-9642-04AA00318DD7}"
EndProject
Project("{FAE04EC0-301F-11D3-BF4B-00C04F79EFBC}") = "TestLoggerFileProject", "TestLoggerFile\TestLoggerFileProject.csproj", "{4CB3B7A1-2470-4006-A1B9-55D244C6BEDC}"
EndProject
Project("{FAE04EC0-301F-11D3-BF4B-00C04F79EFBC}") = " TestLoggerDataBaseProject", " TestLoggerDataBaseProject\ TestLoggerDataBaseProject.csproj", "{B873C95F-EAA7-4294-B605-557007F2AF3F}"
EndProject
Global
	GlobalSection(TestCaseManagementSettings) = postSolution
		CategoryFile = CmdAppLogger.vsmdi
	EndGlobalSection
	GlobalSection(SolutionConfigurationPlatforms) = preSolution
		Debug|Any CPU = Debug|Any CPU
		Debug|Mixed Platforms = Debug|Mixed Platforms
		Debug|x86 = Debug|x86
		Release|Any CPU = Release|Any CPU
		Release|Mixed Platforms = Release|Mixed Platforms
		Release|x86 = Release|x86
	EndGlobalSection
	GlobalSection(ProjectConfigurationPlatforms) = postSolution
		{D258D5E1-04C1-4ED1-B7D4-2189F8E7D656}.Debug|Any CPU.ActiveCfg = Debug|Any CPU
		{D258D5E1-04C1-4ED1-B7D4-2189F8E7D656}.Debug|Any CPU.Build.0 = Debug|Any CPU
		{D258D5E1-04C1-4ED1-B7D4-2189F8E7D656}.Debug|Mixed Platforms.ActiveCfg = Debug|Any CPU
		{D258D5E1-04C1-4ED1-B7D4-2189F8E7D656}.Debug|Mixed Platforms.Build.0 = Debug|Any CPU
		{D258D5E1-04C1-4ED1-B7D4-2189F8E7D656}.Debug|x86.ActiveCfg = Debug|Any CPU
		{D258D5E1-04C1-4ED1-B7D4-2189F8E7D656}.Release|Any CPU.ActiveCfg = Release|Any CPU
		{D258D5E1-04C1-4ED1-B7D4-2189F8E7D656}.Release|Any CPU.Build.0 = Release|Any CPU
		{D258D5E1-04C1-4ED1-B7D4-2189F8E7D656}.Release|Mixed Platforms.ActiveCfg = Release|Any CPU
		{D258D5E1-04C1-4ED1-B7D4-2189F8E7D656}.Release|Mixed Platforms.Build.0 = Release|Any CPU
		{D258D5E1-04C1-4ED1-B7D4-2189F8E7D656}.Release|x86.ActiveCfg = Release|Any CPU
		{5D56A215-1A67-4135-8EFA-F54F3AED1F37}.Debug|Any CPU.ActiveCfg = Debug|Any CPU
		{5D56A215-1A67-4135-8EFA-F54F3AED1F37}.Debug|Any CPU.Build.0 = Debug|Any CPU
		{5D56A215-1A67-4135-8EFA-F54F3AED1F37}.Debug|Mixed Platforms.ActiveCfg = Debug|Any CPU
		{5D56A215-1A67-4135-8EFA-F54F3AED1F37}.Debug|Mixed Platforms.Build.0 = Debug|Any CPU
		{5D56A215-1A67-4135-8EFA-F54F3AED1F37}.Debug|x86.ActiveCfg = Debug|Any CPU
		{5D56A215-1A67-4135-8EFA-F54F3AED1F37}.Release|Any CPU.ActiveCfg = Release|Any CPU
		{5D56A215-1A67-4135-8EFA-F54F3AED1F37}.Release|Any CPU.Build.0 = Release|Any CPU
		{5D56A215-1A67-4135-8EFA-F54F3AED1F37}.Release|Mixed Platforms.ActiveCfg = Release|Any CPU
		{5D56A215-1A67-4135-8EFA-F54F3AED1F37}.Release|Mixed Platforms.Build.0 = Release|Any CPU
		{5D56A215-1A67-4135-8EFA-F54F3AED1F37}.Release|x86.ActiveCfg = Release|Any CPU
		{3846F470-AD2C-4A27-9642-04AA00318DD7}.Debug|Any CPU.ActiveCfg = Debug|Any CPU
		{3846F470-AD2C-4A27-9642-04AA00318DD7}.Debug|Any CPU.Build.0 = Debug|Any CPU
		{3846F470-AD2C-4A27-9642-04AA00318DD7}.Debug|Mixed Platforms.ActiveCfg = Debug|Any CPU
		{3846F470-AD2C-4A27-9642-04AA00318DD7}.Debug|Mixed Platforms.Build.0 = Debug|Any CPU
		{3846F470-AD2C-4A27-9642-04AA00318DD7}.Debug|x86.ActiveCfg = Debug|Any CPU
		{3846F470-AD2C-4A27-9642-04AA00318DD7}.Release|Any CPU.ActiveCfg = Release|Any CPU
		{3846F470-AD2C-4A27-9642-04AA00318DD7}.Release|Any CPU.Build.0 = Release|Any CPU
		{3846F470-AD2C-4A27-9642-04AA00318DD7}.Release|Mixed Platforms.ActiveCfg = Release|Any CPU
		{3846F470-AD2C-4A27-9642-04AA00318DD7}.Release|Mixed Platforms.Build.0 = Release|Any CPU
		{3846F470-AD2C-4A27-9642-04AA00318DD7}.Release|x86.ActiveCfg = Release|Any CPU
		{4CB3B7A1-2470-4006-A1B9-55D244C6BEDC}.Debug|Any CPU.ActiveCfg = Debug|Any CPU
		{4CB3B7A1-2470-4006-A1B9-55D244C6BEDC}.Debug|Any CPU.Build.0 = Debug|Any CPU
		{4CB3B7A1-2470-4006-A1B9-55D244C6BEDC}.Debug|Mixed Platforms.ActiveCfg = Debug|Any CPU
		{4CB3B7A1-2470-4006-A1B9-55D244C6BEDC}.Debug|Mixed Platforms.Build.0 = Debug|Any CPU
		{4CB3B7A1-2470-4006-A1B9-55D244C6BEDC}.Debug|x86.ActiveCfg = Debug|Any CPU
		{4CB3B7A1-2470-4006-A1B9-55D244C6BEDC}.Release|Any CPU.ActiveCfg = Release|Any CPU
		{4CB3B7A1-2470-4006-A1B9-55D244C6BEDC}.Release|Any CPU.Build.0 = Release|Any CPU
		{4CB3B7A1-2470-4006-A1B9-55D244C6BEDC}.Release|Mixed Platforms.ActiveCfg = Release|Any CPU
		{4CB3B7A1-2470-4006-A1B9-55D244C6BEDC}.Release|Mixed Platforms.Build.0 = Release|Any CPU
		{4CB3B7A1-2470-4006-A1B9-55D244C6BEDC}.Release|x86.ActiveCfg = Release|Any CPU
		{B873C95F-EAA7-4294-B605-557007F2AF3F}.Debug|Any CPU.ActiveCfg = Debug|Any CPU
		{B873C95F-EAA7-4294-B605-557007F2AF3F}.Debug|Any CPU.Build.0 = Debug|Any CPU
		{B873C95F-EAA7-4294-B605-557007F2AF3F}.Debug|Mixed Platforms.ActiveCfg = Debug|Any CPU
		{B873C95F-EAA7-4294-B605-557007F2AF3F}.Debug|Mixed Platforms.Build.0 = Debug|Any CPU
		{B873C95F-EAA7-4294-B605-557007F2AF3F}.Debug|x86.ActiveCfg = Debug|Any CPU
		{B873C95F-EAA7-4294-B605-557007F2AF3F}.Release|Any CPU.ActiveCfg = Release|Any CPU
		{B873C95F-EAA7-4294-B605-557007F2AF3F}.Release|Any CPU.Build.0 = Release|Any CPU
		{B873C95F-EAA7-4294-B605-557007F2AF3F}.Release|Mixed Platforms.ActiveCfg = Release|Any CPU
		{B873C95F-EAA7-4294-B605-557007F2AF3F}.Release|Mixed Platforms.Build.0 = Release|Any CPU
		{B873C95F-EAA7-4294-B605-557007F2AF3F}.Release|x86.ActiveCfg = Release|Any CPU
	EndGlobalSection
	GlobalSection(SolutionProperties) = preSolution
		HideSolutionNode = FALSE
	EndGlobalSection
EndGlobal
